version = 1
revision = 3
requires-python = ">=3.12"

[options]
exclude-newer = "0001-01-01T00:00:00Z" # This has no effect and is included for backwards compatibility when using relative exclude-newer values.
exclude-newer-span = "P7D"

[[package]]
name = "casty"
version = "0.30.1"
source = { editable = "../" }

[package.metadata]

[package.metadata.requires-dev]
dev = [
    { name = "griffelib", specifier = ">=2.3.0" },
    { name = "lightkube", specifier = ">=1.0.1" },
    { name = "mkdocs", specifier = ">=1.6.1,<2" },
    { name = "mkdocs-material", specifier = ">=9.7.7" },
    { name = "mkdocstrings", extras = ["python"], specifier = ">=1.0.6" },
    { name = "pyright", specifier = ">=1.1.414" },
    { name = "pytest", specifier = ">=9.1.1" },
    { name = "pytest-asyncio", specifier = ">=1.4.0" },
    { name = "pytest-describe", specifier = ">=3.2.0" },
    { name = "ruff", specifier = ">=0.16.6" },
]

[[package]]
name = "casty-examples"
version = "0.1.0"
source = { editable = "." }
dependencies = [
    { name = "casty" },
]

[package.metadata]
requires-dist = [{ name = "casty", editable = "../" }]
